
Microsoft Visual Studio Solution File, Format Version 12.00
# Visual Studio Version 17
VisualStudioVersion = 17.11.35327.3
MinimumVisualStudioVersion = 10.0.40219.1
Project("{FAE04EC0-301F-11D3-BF4B-00C04F79EFBC}") = "ChessLogic", "ChessLogic\ChessLogic.csproj", "{861333D5-E732-47B2-892E-D7989BDD6D47}"
EndProject
Project("{FAE04EC0-301F-11D3-BF4B-00C04F79EFBC}") = "ChessUI", "ChessUI\ChessUI.csproj", "{B67E505E-6276-425A-A2DF-61957571B305}"
EndProject
Global
	GlobalSection(SolutionConfigurationPlatforms) = preSolution
		Debug|Any CPU = Debug|Any CPU
		Release|Any CPU = Release|Any CPU
	EndGlobalSection
	GlobalSection(ProjectConfigurationPlatforms) = postSolution
		{861333D5-E732-47B2-892E-D7989BDD6D47}.Debug|Any CPU.ActiveCfg = Debug|Any CPU
		{861333D5-E732-47B2-892E-D7989BDD6D47}.Debug|Any CPU.Build.0 = Debug|Any CPU
		{861333D5-E732-47B2-892E-D7989BDD6D47}.Release|Any CPU.ActiveCfg = Release|Any CPU
		{861333D5-E732-47B2-892E-D7989BDD6D47}.Release|Any CPU.Build.0 = Release|Any CPU
		{B67E505E-6276-425A-A2DF-61957571B305}.Debug|Any CPU.ActiveCfg = Debug|Any CPU
		{B67E505E-6276-425A-A2DF-61957571B305}.Debug|Any CPU.Build.0 = Debug|Any CPU
		{B67E505E-6276-425A-A2DF-61957571B305}.Release|Any CPU.ActiveCfg = Release|Any CPU
		{B67E505E-6276-425A-A2DF-61957571B305}.Release|Any CPU.Build.0 = Release|Any CPU
	EndGlobalSection
	GlobalSection(SolutionProperties) = preSolution
		HideSolutionNode = FALSE
	EndGlobalSection
	GlobalSection(ExtensibilityGlobals) = postSolution
		SolutionGuid = {A7DD20CC-300F-420E-8B01-C221DA93417E}
	EndGlobalSection
EndGlobal
